// !$*UTF8*$!
{
	archiveVersion = 1;
	classes = {
	};
	objectVersion = 55;
	objects = {

/* Begin PBXBuildFile section */
		6441B741283C2A8B00BFBB80 /* ChengyuQuizApp.swift in Sources */ = {isa = PBXBuildFile; fileRef = 6441B740283C2A8B00BFBB80 /* ChengyuQuizApp.swift */; };
		6441B743283C2A8B00BFBB80 /* ContentView.swift in Sources */ = {isa = PBXBuildFile; fileRef = 6441B742283C2A8B00BFBB80 /* ContentView.swift */; };
		6441B745283C2A8D00BFBB80 /* Assets.xcassets in Resources */ = {isa = PBXBuildFile; fileRef = 6441B744283C2A8D00BFBB80 /* Assets.xcassets */; };
		6441B748283C2A8D00BFBB80 /* Preview Assets.xcassets in Resources */ = {isa = PBXBuildFile; fileRef = 6441B747283C2A8D00BFBB80 /* Preview Assets.xcassets */; };
		6441B752283C2A8D00BFBB80 /* ChengyuQuizTests.swift in Sources */ = {isa = PBXBuildFile; fileRef = 6441B751283C2A8D00BFBB80 /* ChengyuQuizTests.swift */; };
		6441B75C283C2A8D00BFBB80 /* ChengyuQuizUITests.swift in Sources */ = {isa = PBXBuildFile; fileRef = 6441B75B283C2A8D00BFBB80 /* ChengyuQuizUITests.swift */; };
		6441B75E283C2A8D00BFBB80 /* ChengyuQuizUITestsLaunchTests.swift in Sources */ = {isa = PBXBuildFile; fileRef = 6441B75D283C2A8D00BFBB80 /* ChengyuQuizUITestsLaunchTests.swift */; };
		6441B772283C2D8400BFBB80 /* QuizButton.swift in Sources */ = {isa = PBXBuildFile; fileRef = 6441B771283C2D8400BFBB80 /* QuizButton.swift */; };
		6441B774283C36C300BFBB80 /* QuizView.swift in Sources */ = {isa = PBXBuildFile; fileRef = 6441B773283C36C300BFBB80 /* QuizView.swift */; };
		6441B776283C3BAD00BFBB80 /* DiamondGrid.swift in Sources */ = {isa = PBXBuildFile; fileRef = 6441B775283C3BAD00BFBB80 /* DiamondGrid.swift */; };
		645C35D4283CBB14005A0DFA /* ChineseCharacter.swift in Sources */ = {isa = PBXBuildFile; fileRef = 645C35D3283CBB14005A0DFA /* ChineseCharacter.swift */; };
		645C35D8283CC013005A0DFA /* QuizViewModel.swift in Sources */ = {isa = PBXBuildFile; fileRef = 645C35D7283CC013005A0DFA /* QuizViewModel.swift */; };
		645C35DA283CC407005A0DFA /* Chengyu.swift in Sources */ = {isa = PBXBuildFile; fileRef = 645C35D9283CC407005A0DFA /* Chengyu.swift */; };
/* End PBXBuildFile section */

/* Begin PBXContainerItemProxy section */
		6441B74E283C2A8D00BFBB80 /* PBXContainerItemProxy */ = {
			isa = PBXContainerItemProxy;
			containerPortal = 6441B735283C2A8B00BFBB80 /* Project object */;
			proxyType = 1;
			remoteGlobalIDString = 6441B73C283C2A8B00BFBB80;
			remoteInfo = ChengyuQuiz;
		};
		6441B758283C2A8D00BFBB80 /* PBXContainerItemProxy */ = {
			isa = PBXContainerItemProxy;
			containerPortal = 6441B735283C2A8B00BFBB80 /* Project object */;
			proxyType = 1;
			remoteGlobalIDString = 6441B73C283C2A8B00BFBB80;
			remoteInfo = ChengyuQuiz;
		};
/* End PBXContainerItemProxy section */

/* Begin PBXFileReference section */
		6441B73D283C2A8B00BFBB80 /* ChengyuQuiz.app */ = {isa = PBXFileReference; explicitFileType = wrapper.application; includeInIndex = 0; path = ChengyuQuiz.app; sourceTree = BUILT_PRODUCTS_DIR; };
		6441B740283C2A8B00BFBB80 /* ChengyuQuizApp.swift */ = {isa = PBXFileReference; lastKnownFileType = sourcecode.swift; path = ChengyuQuizApp.swift; sourceTree = "<group>"; };
		6441B742283C2A8B00BFBB80 /* ContentView.swift */ = {isa = PBXFileReference; lastKnownFileType = sourcecode.swift; path = ContentView.swift; sourceTree = "<group>"; };
		6441B744283C2A8D00BFBB80 /* Assets.xcassets */ = {isa = PBXFileReference; lastKnownFileType = folder.assetcatalog; path = Assets.xcassets; sourceTree = "<group>"; };
		6441B747283C2A8D00BFBB80 /* Preview Assets.xcassets */ = {isa = PBXFileReference; lastKnownFileType = folder.assetcatalog; path = "Preview Assets.xcassets"; sourceTree = "<group>"; };
		6441B74D283C2A8D00BFBB80 /* ChengyuQuizTests.xctest */ = {isa = PBXFileReference; explicitFileType = wrapper.cfbundle; includeInIndex = 0; path = ChengyuQuizTests.xctest; sourceTree = BUILT_PRODUCTS_DIR; };
		6441B751283C2A8D00BFBB80 /* ChengyuQuizTests.swift */ = {isa = PBXFileReference; lastKnownFileType = sourcecode.swift; path = ChengyuQuizTests.swift; sourceTree = "<group>"; };
		6441B757283C2A8D00BFBB80 /* ChengyuQuizUITests.xctest */ = {isa = PBXFileReference; explicitFileType = wrapper.cfbundle; includeInIndex = 0; path = ChengyuQuizUITests.xctest; sourceTree = BUILT_PRODUCTS_DIR; };
		6441B75B283C2A8D00BFBB80 /* ChengyuQuizUITests.swift */ = {isa = PBXFileReference; lastKnownFileType = sourcecode.swift; path = ChengyuQuizUITests.swift; sourceTree = "<group>"; };
		6441B75D283C2A8D00BFBB80 /* ChengyuQuizUITestsLaunchTests.swift */ = {isa = PBXFileReference; lastKnownFileType = sourcecode.swift; path = ChengyuQuizUITestsLaunchTests.swift; sourceTree = "<group>"; };
		6441B771283C2D8400BFBB80 /* QuizButton.swift */ = {isa = PBXFileReference; lastKnownFileType = sourcecode.swift; path = QuizButton.swift; sourceTree = "<group>"; };
		6441B773283C36C300BFBB80 /* QuizView.swift */ = {isa = PBXFileReference; lastKnownFileType = sourcecode.swift; path = QuizView.swift; sourceTree = "<group>"; };
		6441B775283C3BAD00BFBB80 /* DiamondGrid.swift */ = {isa = PBXFileReference; lastKnownFileType = sourcecode.swift; path = DiamondGrid.swift; sourceTree = "<group>"; };
		645C35D3283CBB14005A0DFA /* ChineseCharacter.swift */ = {isa = PBXFileReference; lastKnownFileType = sourcecode.swift; path = ChineseCharacter.swift; sourceTree = "<group>"; };
		645C35D7283CC013005A0DFA /* QuizViewModel.swift */ = {isa = PBXFileReference; lastKnownFileType = sourcecode.swift; path = QuizViewModel.swift; sourceTree = "<group>"; };
		645C35D9283CC407005A0DFA /* Chengyu.swift */ = {isa = PBXFileReference; lastKnownFileType = sourcecode.swift; path = Chengyu.swift; sourceTree = "<group>"; };
/* End PBXFileReference section */

/* Begin PBXFrameworksBuildPhase section */
		6441B73A283C2A8B00BFBB80 /* Frameworks */ = {
			isa = PBXFrameworksBuildPhase;
			buildActionMask = 2147483647;
			files = (
			);
			runOnlyForDeploymentPostprocessing = 0;
		};
		6441B74A283C2A8D00BFBB80 /* Frameworks */ = {
			isa = PBXFrameworksBuildPhase;
			buildActionMask = 2147483647;
			files = (
			);
			runOnlyForDeploymentPostprocessing = 0;
		};
		6441B754283C2A8D00BFBB80 /* Frameworks */ = {
			isa = PBXFrameworksBuildPhase;
			buildActionMask = 2147483647;
			files = (
			);
			runOnlyForDeploymentPostprocessing = 0;
		};
/* End PBXFrameworksBuildPhase section */

/* Begin PBXGroup section */
		6441B734283C2A8B00BFBB80 = {
			isa = PBXGroup;
			children = (
				6441B73F283C2A8B00BFBB80 /* ChengyuQuiz */,
				6441B750283C2A8D00BFBB80 /* ChengyuQuizTests */,
				6441B75A283C2A8D00BFBB80 /* ChengyuQuizUITests */,
				6441B73E283C2A8B00BFBB80 /* Products */,
			);
			sourceTree = "<group>";
		};
		6441B73E283C2A8B00BFBB80 /* Products */ = {
			isa = PBXGroup;
			children = (
				6441B73D283C2A8B00BFBB80 /* ChengyuQuiz.app */,
				6441B74D283C2A8D00BFBB80 /* ChengyuQuizTests.xctest */,
				6441B757283C2A8D00BFBB80 /* ChengyuQuizUITests.xctest */,
			);
			name = Products;
			sourceTree = "<group>";
		};
		6441B73F283C2A8B00BFBB80 /* ChengyuQuiz */ = {
			isa = PBXGroup;
			children = (
				6441B76A283C2B4700BFBB80 /* Core */,
				6441B740283C2A8B00BFBB80 /* ChengyuQuizApp.swift */,
				6441B742283C2A8B00BFBB80 /* ContentView.swift */,
				6441B744283C2A8D00BFBB80 /* Assets.xcassets */,
				6441B746283C2A8D00BFBB80 /* Preview Content */,
			);
			path = ChengyuQuiz;
			sourceTree = "<group>";
		};
		6441B746283C2A8D00BFBB80 /* Preview Content */ = {
			isa = PBXGroup;
			children = (
				6441B747283C2A8D00BFBB80 /* Preview Assets.xcassets */,
			);
			path = "Preview Content";
			sourceTree = "<group>";
		};
		6441B750283C2A8D00BFBB80 /* ChengyuQuizTests */ = {
			isa = PBXGroup;
			children = (
				6441B751283C2A8D00BFBB80 /* ChengyuQuizTests.swift */,
			);
			path = ChengyuQuizTests;
			sourceTree = "<group>";
		};
		6441B75A283C2A8D00BFBB80 /* ChengyuQuizUITests */ = {
			isa = PBXGroup;
			children = (
				6441B75B283C2A8D00BFBB80 /* ChengyuQuizUITests.swift */,
				6441B75D283C2A8D00BFBB80 /* ChengyuQuizUITestsLaunchTests.swift */,
			);
			path = ChengyuQuizUITests;
			sourceTree = "<group>";
		};
		6441B76A283C2B4700BFBB80 /* Core */ = {
			isa = PBXGroup;
			children = (
				6441B770283C2D6A00BFBB80 /* Components */,
				6441B76B283C2B5000BFBB80 /* Quiz */,
			);
			path = Core;
			sourceTree = "<group>";
		};
		6441B76B283C2B5000BFBB80 /* Quiz */ = {
			isa = PBXGroup;
			children = (
				645C35D2283CBB05005A0DFA /* Models */,
				6441B76D283C2B5600BFBB80 /* ViewModels */,
				6441B76C283C2B5400BFBB80 /* Views */,
			);
			path = Quiz;
			sourceTree = "<group>";
		};
		6441B76C283C2B5400BFBB80 /* Views */ = {
			isa = PBXGroup;
			children = (
				6441B773283C36C300BFBB80 /* QuizView.swift */,
			);
			path = Views;
			sourceTree = "<group>";
		};
		6441B76D283C2B5600BFBB80 /* ViewModels */ = {
			isa = PBXGroup;
			children = (
				645C35D7283CC013005A0DFA /* QuizViewModel.swift */,
			);
			path = ViewModels;
			sourceTree = "<group>";
		};
		6441B770283C2D6A00BFBB80 /* Components */ = {
			isa = PBXGroup;
			children = (
				6441B771283C2D8400BFBB80 /* QuizButton.swift */,
				6441B775283C3BAD00BFBB80 /* DiamondGrid.swift */,
			);
			path = Components;
			sourceTree = "<group>";
		};
		645C35D2283CBB05005A0DFA /* Models */ = {
			isa = PBXGroup;
			children = (
				645C35D3283CBB14005A0DFA /* ChineseCharacter.swift */,
				645C35D9283CC407005A0DFA /* Chengyu.swift */,
			);
			path = Models;
			sourceTree = "<group>";
		};
/* End PBXGroup section */

/* Begin PBXNativeTarget section */
		6441B73C283C2A8B00BFBB80 /* ChengyuQuiz */ = {
			isa = PBXNativeTarget;
			buildConfigurationList = 6441B761283C2A8D00BFBB80 /* Build configuration list for PBXNativeTarget "ChengyuQuiz" */;
			buildPhases = (
				6441B739283C2A8B00BFBB80 /* Sources */,
				6441B73A283C2A8B00BFBB80 /* Frameworks */,
				6441B73B283C2A8B00BFBB80 /* Resources */,
			);
			buildRules = (
			);
			dependencies = (
			);
			name = ChengyuQuiz;
			productName = ChengyuQuiz;
			productReference = 6441B73D283C2A8B00BFBB80 /* ChengyuQuiz.app */;
			productType = "com.apple.product-type.application";
		};
		6441B74C283C2A8D00BFBB80 /* ChengyuQuizTests */ = {
			isa = PBXNativeTarget;
			buildConfigurationList = 6441B764283C2A8D00BFBB80 /* Build configuration list for PBXNativeTarget "ChengyuQuizTests" */;
			buildPhases = (
				6441B749283C2A8D00BFBB80 /* Sources */,
				6441B74A283C2A8D00BFBB80 /* Frameworks */,
				6441B74B283C2A8D00BFBB80 /* Resources */,
			);
			buildRules = (
			);
			dependencies = (
				6441B74F283C2A8D00BFBB80 /* PBXTargetDependency */,
			);
			name = ChengyuQuizTests;
			productName = ChengyuQuizTests;
			productReference = 6441B74D283C2A8D00BFBB80 /* ChengyuQuizTests.xctest */;
			productType = "com.apple.product-type.bundle.unit-test";
		};
		6441B756283C2A8D00BFBB80 /* ChengyuQuizUITests */ = {
			isa = PBXNativeTarget;
			buildConfigurationList = 6441B767283C2A8D00BFBB80 /* Build configuration list for PBXNativeTarget "ChengyuQuizUITests" */;
			buildPhases = (
				6441B753283C2A8D00BFBB80 /* Sources */,
				6441B754283C2A8D00BFBB80 /* Frameworks */,
				6441B755283C2A8D00BFBB80 /* Resources */,
			);
			buildRules = (
			);
			dependencies = (
				6441B759283C2A8D00BFBB80 /* PBXTargetDependency */,
			);
			name = ChengyuQuizUITests;
			productName = ChengyuQuizUITests;
			productReference = 6441B757283C2A8D00BFBB80 /* ChengyuQuizUITests.xctest */;
			productType = "com.apple.product-type.bundle.ui-testing";
		};
/* End PBXNativeTarget section */

/* Begin PBXProject section */
		6441B735283C2A8B00BFBB80 /* Project object */ = {
			isa = PBXProject;
			attributes = {
				BuildIndependentTargetsInParallel = 1;
				LastSwiftUpdateCheck = 1340;
				LastUpgradeCheck = 1340;
				TargetAttributes = {
					6441B73C283C2A8B00BFBB80 = {
						CreatedOnToolsVersion = 13.4;
					};
					6441B74C283C2A8D00BFBB80 = {
						CreatedOnToolsVersion = 13.4;
						TestTargetID = 6441B73C283C2A8B00BFBB80;
					};
					6441B756283C2A8D00BFBB80 = {
						CreatedOnToolsVersion = 13.4;
						TestTargetID = 6441B73C283C2A8B00BFBB80;
					};
				};
			};
			buildConfigurationList = 6441B738283C2A8B00BFBB80 /* Build configuration list for PBXProject "ChengyuQuiz" */;
			compatibilityVersion = "Xcode 13.0";
			developmentRegion = en;
			hasScannedForEncodings = 0;
			knownRegions = (
				en,
				Base,
			);
			mainGroup = 6441B734283C2A8B00BFBB80;
			productRefGroup = 6441B73E283C2A8B00BFBB80 /* Products */;
			projectDirPath = "";
			projectRoot = "";
			targets = (
				6441B73C283C2A8B00BFBB80 /* ChengyuQuiz */,
				6441B74C283C2A8D00BFBB80 /* ChengyuQuizTests */,
				6441B756283C2A8D00BFBB80 /* ChengyuQuizUITests */,
			);
		};
/* End PBXProject section */

/* Begin PBXResourcesBuildPhase section */
		6441B73B283C2A8B00BFBB80 /* Resources */ = {
			isa = PBXResourcesBuildPhase;
			buildActionMask = 2147483647;
			files = (
				6441B748283C2A8D00BFBB80 /* Preview Assets.xcassets in Resources */,
				6441B745283C2A8D00BFBB80 /* Assets.xcassets in Resources */,
			);
			runOnlyForDeploymentPostprocessing = 0;
		};
		6441B74B283C2A8D00BFBB80 /* Resources */ = {
			isa = PBXResourcesBuildPhase;
			buildActionMask = 2147483647;
			files = (
			);
			runOnlyForDeploymentPostprocessing = 0;
		};
		6441B755283C2A8D00BFBB80 /* Resources */ = {
			isa = PBXResourcesBuildPhase;
			buildActionMask = 2147483647;
			files = (
			);
			runOnlyForDeploymentPostprocessing = 0;
		};
/* End PBXResourcesBuildPhase section */

/* Begin PBXSourcesBuildPhase section */
		6441B739283C2A8B00BFBB80 /* Sources */ = {
			isa = PBXSourcesBuildPhase;
			buildActionMask = 2147483647;
			files = (
				6441B772283C2D8400BFBB80 /* QuizButton.swift in Sources */,
				6441B743283C2A8B00BFBB80 /* ContentView.swift in Sources */,
				645C35D8283CC013005A0DFA /* QuizViewModel.swift in Sources */,
				6441B774283C36C300BFBB80 /* QuizView.swift in Sources */,
				645C35D4283CBB14005A0DFA /* ChineseCharacter.swift in Sources */,
				645C35DA283CC407005A0DFA /* Chengyu.swift in Sources */,
				6441B741283C2A8B00BFBB80 /* ChengyuQuizApp.swift in Sources */,
				6441B776283C3BAD00BFBB80 /* DiamondGrid.swift in Sources */,
			);
			runOnlyForDeploymentPostprocessing = 0;
		};
		6441B749283C2A8D00BFBB80 /* Sources */ = {
			isa = PBXSourcesBuildPhase;
			buildActionMask = 2147483647;
			files = (
				6441B752283C2A8D00BFBB80 /* ChengyuQuizTests.swift in Sources */,
			);
			runOnlyForDeploymentPostprocessing = 0;
		};
		6441B753283C2A8D00BFBB80 /* Sources */ = {
			isa = PBXSourcesBuildPhase;
			buildActionMask = 2147483647;
			files = (
				6441B75C283C2A8D00BFBB80 /* ChengyuQuizUITests.swift in Sources */,
				6441B75E283C2A8D00BFBB80 /* ChengyuQuizUITestsLaunchTests.swift in Sources */,
			);
			runOnlyForDeploymentPostprocessing = 0;
		};
/* End PBXSourcesBuildPhase section */

/* Begin PBXTargetDependency section */
		6441B74F283C2A8D00BFBB80 /* PBXTargetDependency */ = {
			isa = PBXTargetDependency;
			target = 6441B73C283C2A8B00BFBB80 /* ChengyuQuiz */;
			targetProxy = 6441B74E283C2A8D00BFBB80 /* PBXContainerItemProxy */;
		};
		6441B759283C2A8D00BFBB80 /* PBXTargetDependency */ = {
			isa = PBXTargetDependency;
			target = 6441B73C283C2A8B00BFBB80 /* ChengyuQuiz */;
			targetProxy = 6441B758283C2A8D00BFBB80 /* PBXContainerItemProxy */;
		};
/* End PBXTargetDependency section */

/* Begin XCBuildConfiguration section */
		6441B75F283C2A8D00BFBB80 /* Debug */ = {
			isa = XCBuildConfiguration;
			buildSettings = {
				ALWAYS_SEARCH_USER_PATHS = NO;
				CLANG_ANALYZER_NONNULL = YES;
				CLANG_ANALYZER_NUMBER_OBJECT_CONVERSION = YES_AGGRESSIVE;
				CLANG_CXX_LANGUAGE_STANDARD = "gnu++17";
				CLANG_ENABLE_MODULES = YES;
				CLANG_ENABLE_OBJC_ARC = YES;
				CLANG_ENABLE_OBJC_WEAK = YES;
				CLANG_WARN_BLOCK_CAPTURE_AUTORELEASING = YES;
				CLANG_WARN_BOOL_CONVERSION = YES;
				CLANG_WARN_COMMA = YES;
				CLANG_WARN_CONSTANT_CONVERSION = YES;
				CLANG_WARN_DEPRECATED_OBJC_IMPLEMENTATIONS = YES;
				CLANG_WARN_DIRECT_OBJC_ISA_USAGE = YES_ERROR;
				CLANG_WARN_DOCUMENTATION_COMMENTS = YES;
				CLANG_WARN_EMPTY_BODY = YES;
				CLANG_WARN_ENUM_CONVERSION = YES;
				CLANG_WARN_INFINITE_RECURSION = YES;
				CLANG_WARN_INT_CONVERSION = YES;
				CLANG_WARN_NON_LITERAL_NULL_CONVERSION = YES;
				CLANG_WARN_OBJC_IMPLICIT_RETAIN_SELF = YES;
				CLANG_WARN_OBJC_LITERAL_CONVERSION = YES;
				CLANG_WARN_OBJC_ROOT_CLASS = YES_ERROR;
				CLANG_WARN_QUOTED_INCLUDE_IN_FRAMEWORK_HEADER = YES;
				CLANG_WARN_RANGE_LOOP_ANALYSIS = YES;
				CLANG_WARN_STRICT_PROTOTYPES = YES;
				CLANG_WARN_SUSPICIOUS_MOVE = YES;
				CLANG_WARN_UNGUARDED_AVAILABILITY = YES_AGGRESSIVE;
				CLANG_WARN_UNREACHABLE_CODE = YES;
				CLANG_WARN__DUPLICATE_METHOD_MATCH = YES;
				COPY_PHASE_STRIP = NO;
				DEBUG_INFORMATION_FORMAT = dwarf;
				ENABLE_STRICT_OBJC_MSGSEND = YES;
				ENABLE_TESTABILITY = YES;
				GCC_C_LANGUAGE_STANDARD = gnu11;
				GCC_DYNAMIC_NO_PIC = NO;
				GCC_NO_COMMON_BLOCKS = YES;
				GCC_OPTIMIZATION_LEVEL = 0;
				GCC_PREPROCESSOR_DEFINITIONS = (
					"DEBUG=1",
					"$(inherited)",
				);
				GCC_WARN_64_TO_32_BIT_CONVERSION = YES;
				GCC_WARN_ABOUT_RETURN_TYPE = YES_ERROR;
				GCC_WARN_UNDECLARED_SELECTOR = YES;
				GCC_WARN_UNINITIALIZED_AUTOS = YES_AGGRESSIVE;
				GCC_WARN_UNUSED_FUNCTION = YES;
				GCC_WARN_UNUSED_VARIABLE = YES;
				IPHONEOS_DEPLOYMENT_TARGET = 15.5;
				MTL_ENABLE_DEBUG_INFO = INCLUDE_SOURCE;
				MTL_FAST_MATH = YES;
				ONLY_ACTIVE_ARCH = YES;
				SDKROOT = iphoneos;
				SWIFT_ACTIVE_COMPILATION_CONDITIONS = DEBUG;
				SWIFT_OPTIMIZATION_LEVEL = "-Onone";
			};
			name = Debug;
		};
		6441B760283C2A8D00BFBB80 /* Release */ = {
			isa = XCBuildConfiguration;
			buildSettings = {
				ALWAYS_SEARCH_USER_PATHS = NO;
				CLANG_ANALYZER_NONNULL = YES;
				CLANG_ANALYZER_NUMBER_OBJECT_CONVERSION = YES_AGGRESSIVE;
				CLANG_CXX_LANGUAGE_STANDARD = "gnu++17";
				CLANG_ENABLE_MODULES = YES;
				CLANG_ENABLE_OBJC_ARC = YES;
				CLANG_ENABLE_OBJC_WEAK = YES;
				CLANG_WARN_BLOCK_CAPTURE_AUTORELEASING = YES;
				CLANG_WARN_BOOL_CONVERSION = YES;
				CLANG_WARN_COMMA = YES;
				CLANG_WARN_CONSTANT_CONVERSION = YES;
				CLANG_WARN_DEPRECATED_OBJC_IMPLEMENTATIONS = YES;
				CLANG_WARN_DIRECT_OBJC_ISA_USAGE = YES_ERROR;
				CLANG_WARN_DOCUMENTATION_COMMENTS = YES;
				CLANG_WARN_EMPTY_BODY = YES;
				CLANG_WARN_ENUM_CONVERSION = YES;
				CLANG_WARN_INFINITE_RECURSION = YES;
				CLANG_WARN_INT_CONVERSION = YES;
				CLANG_WARN_NON_LITERAL_NULL_CONVERSION = YES;
				CLANG_WARN_OBJC_IMPLICIT_RETAIN_SELF = YES;
				CLANG_WARN_OBJC_LITERAL_CONVERSION = YES;
				CLANG_WARN_OBJC_ROOT_CLASS = YES_ERROR;
				CLANG_WARN_QUOTED_INCLUDE_IN_FRAMEWORK_HEADER = YES;
				CLANG_WARN_RANGE_LOOP_ANALYSIS = YES;
				CLANG_WARN_STRICT_PROTOTYPES = YES;
				CLANG_WARN_SUSPICIOUS_MOVE = YES;
				CLANG_WARN_UNGUARDED_AVAILABILITY = YES_AGGRESSIVE;
				CLANG_WARN_UNREACHABLE_CODE = YES;
				CLANG_WARN__DUPLICATE_METHOD_MATCH = YES;
				COPY_PHASE_STRIP = NO;
				DEBUG_INFORMATION_FORMAT = "dwarf-with-dsym";
				ENABLE_NS_ASSERTIONS = NO;
				ENABLE_STRICT_OBJC_MSGSEND = YES;
				GCC_C_LANGUAGE_STANDARD = gnu11;
				GCC_NO_COMMON_BLOCKS = YES;
				GCC_WARN_64_TO_32_BIT_CONVERSION = YES;
				GCC_WARN_ABOUT_RETURN_TYPE = YES_ERROR;
				GCC_WARN_UNDECLARED_SELECTOR = YES;
				GCC_WARN_UNINITIALIZED_AUTOS = YES_AGGRESSIVE;
				GCC_WARN_UNUSED_FUNCTION = YES;
				GCC_WARN_UNUSED_VARIABLE = YES;
				IPHONEOS_DEPLOYMENT_TARGET = 15.5;
				MTL_ENABLE_DEBUG_INFO = NO;
				MTL_FAST_MATH = YES;
				SDKROOT = iphoneos;
				SWIFT_COMPILATION_MODE = wholemodule;
				SWIFT_OPTIMIZATION_LEVEL = "-O";
				VALIDATE_PRODUCT = YES;
			};
			name = Release;
		};
		6441B762283C2A8D00BFBB80 /* Debug */ = {
			isa = XCBuildConfiguration;
			buildSettings = {
				ASSETCATALOG_COMPILER_APPICON_NAME = AppIcon;
				ASSETCATALOG_COMPILER_GLOBAL_ACCENT_COLOR_NAME = AccentColor;
				CODE_SIGN_STYLE = Automatic;
				CURRENT_PROJECT_VERSION = 1;
				DEVELOPMENT_ASSET_PATHS = "\"ChengyuQuiz/Preview Content\"";
				DEVELOPMENT_TEAM = UBA9AL42W9;
				ENABLE_PREVIEWS = YES;
				GENERATE_INFOPLIST_FILE = YES;
				INFOPLIST_KEY_UIApplicationSceneManifest_Generation = YES;
				INFOPLIST_KEY_UIApplicationSupportsIndirectInputEvents = YES;
				INFOPLIST_KEY_UILaunchScreen_Generation = YES;
				INFOPLIST_KEY_UISupportedInterfaceOrientations_iPad = "UIInterfaceOrientationPortrait UIInterfaceOrientationPortraitUpsideDown UIInterfaceOrientationLandscapeLeft UIInterfaceOrientationLandscapeRight";
				INFOPLIST_KEY_UISupportedInterfaceOrientations_iPhone = "UIInterfaceOrientationPortrait UIInterfaceOrientationLandscapeLeft UIInterfaceOrientationLandscapeRight";
				LD_RUNPATH_SEARCH_PATHS = (
					"$(inherited)",
					"@executable_path/Frameworks",
				);
				MARKETING_VERSION = 1.0;
				PRODUCT_BUNDLE_IDENTIFIER = rubix.ChengyuQuiz;
				PRODUCT_NAME = "$(TARGET_NAME)";
				SWIFT_EMIT_LOC_STRINGS = YES;
				SWIFT_VERSION = 5.0;
				TARGETED_DEVICE_FAMILY = "1,2";
			};
			name = Debug;
		};
		6441B763283C2A8D00BFBB80 /* Release */ = {
			isa = XCBuildConfiguration;
			buildSettings = {
				ASSETCATALOG_COMPILER_APPICON_NAME = AppIcon;
				ASSETCATALOG_COMPILER_GLOBAL_ACCENT_COLOR_NAME = AccentColor;
				CODE_SIGN_STYLE = Automatic;
				CURRENT_PROJECT_VERSION = 1;
				DEVELOPMENT_ASSET_PATHS = "\"ChengyuQuiz/Preview Content\"";
				DEVELOPMENT_TEAM = UBA9AL42W9;
				ENABLE_PREVIEWS = YES;
				GENERATE_INFOPLIST_FILE = YES;
				INFOPLIST_KEY_UIApplicationSceneManifest_Generation = YES;
				INFOPLIST_KEY_UIApplicationSupportsIndirectInputEvents = YES;
				INFOPLIST_KEY_UILaunchScreen_Generation = YES;
				INFOPLIST_KEY_UISupportedInterfaceOrientations_iPad = "UIInterfaceOrientationPortrait UIInterfaceOrientationPortraitUpsideDown UIInterfaceOrientationLandscapeLeft UIInterfaceOrientationLandscapeRight";
				INFOPLIST_KEY_UISupportedInterfaceOrientations_iPhone = "UIInterfaceOrientationPortrait UIInterfaceOrientationLandscapeLeft UIInterfaceOrientationLandscapeRight";
				LD_RUNPATH_SEARCH_PATHS = (
					"$(inherited)",
					"@executable_path/Frameworks",
				);
				MARKETING_VERSION = 1.0;
				PRODUCT_BUNDLE_IDENTIFIER = rubix.ChengyuQuiz;
				PRODUCT_NAME = "$(TARGET_NAME)";
				SWIFT_EMIT_LOC_STRINGS = YES;
				SWIFT_VERSION = 5.0;
				TARGETED_DEVICE_FAMILY = "1,2";
			};
			name = Release;
		};
		6441B765283C2A8D00BFBB80 /* Debug */ = {
			isa = XCBuildConfiguration;
			buildSettings = {
				ALWAYS_EMBED_SWIFT_STANDARD_LIBRARIES = YES;
				BUNDLE_LOADER = "$(TEST_HOST)";
				CODE_SIGN_STYLE = Automatic;
				CURRENT_PROJECT_VERSION = 1;
				DEVELOPMENT_TEAM = UBA9AL42W9;
				GENERATE_INFOPLIST_FILE = YES;
				IPHONEOS_DEPLOYMENT_TARGET = 15.5;
				MARKETING_VERSION = 1.0;
				PRODUCT_BUNDLE_IDENTIFIER = rubix.ChengyuQuizTests;
				PRODUCT_NAME = "$(TARGET_NAME)";
				SWIFT_EMIT_LOC_STRINGS = NO;
				SWIFT_VERSION = 5.0;
				TARGETED_DEVICE_FAMILY = "1,2";
				TEST_HOST = "$(BUILT_PRODUCTS_DIR)/ChengyuQuiz.app/ChengyuQuiz";
			};
			name = Debug;
		};
		6441B766283C2A8D00BFBB80 /* Release */ = {
			isa = XCBuildConfiguration;
			buildSettings = {
				ALWAYS_EMBED_SWIFT_STANDARD_LIBRARIES = YES;
				BUNDLE_LOADER = "$(TEST_HOST)";
				CODE_SIGN_STYLE = Automatic;
				CURRENT_PROJECT_VERSION = 1;
				DEVELOPMENT_TEAM = UBA9AL42W9;
				GENERATE_INFOPLIST_FILE = YES;
				IPHONEOS_DEPLOYMENT_TARGET = 15.5;
				MARKETING_VERSION = 1.0;
				PRODUCT_BUNDLE_IDENTIFIER = rubix.ChengyuQuizTests;
				PRODUCT_NAME = "$(TARGET_NAME)";
				SWIFT_EMIT_LOC_STRINGS = NO;
				SWIFT_VERSION = 5.0;
				TARGETED_DEVICE_FAMILY = "1,2";
				TEST_HOST = "$(BUILT_PRODUCTS_DIR)/ChengyuQuiz.app/ChengyuQuiz";
			};
			name = Release;
		};
		6441B768283C2A8D00BFBB80 /* Debug */ = {
			isa = XCBuildConfiguration;
			buildSettings = {
				ALWAYS_EMBED_SWIFT_STANDARD_LIBRARIES = YES;
				CODE_SIGN_STYLE = Automatic;
				CURRENT_PROJECT_VERSION = 1;
				DEVELOPMENT_TEAM = UBA9AL42W9;
				GENERATE_INFOPLIST_FILE = YES;
				MARKETING_VERSION = 1.0;
				PRODUCT_BUNDLE_IDENTIFIER = rubix.ChengyuQuizUITests;
				PRODUCT_NAME = "$(TARGET_NAME)";
				SWIFT_EMIT_LOC_STRINGS = NO;
				SWIFT_VERSION = 5.0;
				TARGETED_DEVICE_FAMILY = "1,2";
				TEST_TARGET_NAME = ChengyuQuiz;
			};
			name = Debug;
		};
		6441B769283C2A8D00BFBB80 /* Release */ = {
			isa = XCBuildConfiguration;
			buildSettings = {
				ALWAYS_EMBED_SWIFT_STANDARD_LIBRARIES = YES;
				CODE_SIGN_STYLE = Automatic;
				CURRENT_PROJECT_VERSION = 1;
				DEVELOPMENT_TEAM = UBA9AL42W9;
				GENERATE_INFOPLIST_FILE = YES;
				MARKETING_VERSION = 1.0;
				PRODUCT_BUNDLE_IDENTIFIER = rubix.ChengyuQuizUITests;
				PRODUCT_NAME = "$(TARGET_NAME)";
				SWIFT_EMIT_LOC_STRINGS = NO;
				SWIFT_VERSION = 5.0;
				TARGETED_DEVICE_FAMILY = "1,2";
				TEST_TARGET_NAME = ChengyuQuiz;
			};
			name = Release;
		};
/* End XCBuildConfiguration section */

/* Begin XCConfigurationList section */
		6441B738283C2A8B00BFBB80 /* Build configuration list for PBXProject "ChengyuQuiz" */ = {
			isa = XCConfigurationList;
			buildConfigurations = (
				6441B75F283C2A8D00BFBB80 /* Debug */,
				6441B760283C2A8D00BFBB80 /* Release */,
			);
			defaultConfigurationIsVisible = 0;
			defaultConfigurationName = Release;
		};
		6441B761283C2A8D00BFBB80 /* Build configuration list for PBXNativeTarget "ChengyuQuiz" */ = {
			isa = XCConfigurationList;
			buildConfigurations = (
				6441B762283C2A8D00BFBB80 /* Debug */,
				6441B763283C2A8D00BFBB80 /* Release */,
			);
			defaultConfigurationIsVisible = 0;
			defaultConfigurationName = Release;
		};
		6441B764283C2A8D00BFBB80 /* Build configuration list for PBXNativeTarget "ChengyuQuizTests" */ = {
			isa = XCConfigurationList;
			buildConfigurations = (
				6441B765283C2A8D00BFBB80 /* Debug */,
				6441B766283C2A8D00BFBB80 /* Release */,
			);
			defaultConfigurationIsVisible = 0;
			defaultConfigurationName = Release;
		};
		6441B767283C2A8D00BFBB80 /* Build configuration list for PBXNativeTarget "ChengyuQuizUITests" */ = {
			isa = XCConfigurationList;
			buildConfigurations = (
				6441B768283C2A8D00BFBB80 /* Debug */,
				6441B769283C2A8D00BFBB80 /* Release */,
			);
			defaultConfigurationIsVisible = 0;
			defaultConfigurationName = Release;
		};
/* End XCConfigurationList section */
	};
	rootObject = 6441B735283C2A8B00BFBB80 /* Project object */;
}
